
Microsoft Visual Studio Solution File, Format Version 12.00
# Visual Studio Version 17
VisualStudioVersion = 17.4.33213.308
MinimumVisualStudioVersion = 10.0.40219.1
Project("{FAE04EC0-301F-11D3-BF4B-00C04F79EFBC}") = "Dapper_EntityFramework Practice", "Dapper_EntityFramework Practice\Dapper_EntityFramework Practice.csproj", "{877B28BD-9DBF-4465-9548-3A4924D1F759}"
EndProject
Global
	GlobalSection(SolutionConfigurationPlatforms) = preSolution
		Debug|Any CPU = Debug|Any CPU
		Release|Any CPU = Release|Any CPU
	EndGlobalSection
	GlobalSection(ProjectConfigurationPlatforms) = postSolution
		{877B28BD-9DBF-4465-9548-3A4924D1F759}.Debug|Any CPU.ActiveCfg = Debug|Any CPU
		{877B28BD-9DBF-4465-9548-3A4924D1F759}.Debug|Any CPU.Build.0 = Debug|Any CPU
		{877B28BD-9DBF-4465-9548-3A4924D1F759}.Release|Any CPU.ActiveCfg = Release|Any CPU
		{877B28BD-9DBF-4465-9548-3A4924D1F759}.Release|Any CPU.Build.0 = Release|Any CPU
	EndGlobalSection
	GlobalSection(SolutionProperties) = preSolution
		HideSolutionNode = FALSE
	EndGlobalSection
	GlobalSection(ExtensibilityGlobals) = postSolution
		SolutionGuid = {4B47504F-FF56-4694-9508-93FC4693EB39}
	EndGlobalSection
EndGlobal
